
Microsoft Visual Studio Solution File, Format Version 12.00
# Visual Studio Version 17
VisualStudioVersion = 17.5.002.0
MinimumVisualStudioVersion = 10.0.40219.1
Project("{9A19103F-16F7-4668-BE54-9A1E7A4F7556}") = "Quiz", "Quiz.csproj", "{8626AA5D-0672-45BE-8648-958C53FC464F}"
EndProject
Global
	GlobalSection(SolutionConfigurationPlatforms) = preSolution
		Debug|Any CPU = Debug|Any CPU
		Release|Any CPU = Release|Any CPU
	EndGlobalSection
	GlobalSection(ProjectConfigurationPlatforms) = postSolution
		{8626AA5D-0672-45BE-8648-958C53FC464F}.Debug|Any CPU.ActiveCfg = Debug|Any CPU
		{8626AA5D-0672-45BE-8648-958C53FC464F}.Debug|Any CPU.Build.0 = Debug|Any CPU
		{8626AA5D-0672-45BE-8648-958C53FC464F}.Release|Any CPU.ActiveCfg = Release|Any CPU
		{8626AA5D-0672-45BE-8648-958C53FC464F}.Release|Any CPU.Build.0 = Release|Any CPU
	EndGlobalSection
	GlobalSection(SolutionProperties) = preSolution
		HideSolutionNode = FALSE
	EndGlobalSection
	GlobalSection(ExtensibilityGlobals) = postSolution
		SolutionGuid = {407A6B73-374E-4993-9F25-A5F8E75486F3}
	EndGlobalSection
EndGlobal
